
Microsoft Visual Studio Solution File, Format Version 12.00
# Visual Studio Version 16
VisualStudioVersion = 16.0.33529.622
MinimumVisualStudioVersion = 10.0.40219.1
Project("{FAE04EC0-301F-11D3-BF4B-00C04F79EFBC}") = "BookShopTuto", "BookShopTuto.csproj", "{ACBB7924-8CE7-4147-A068-8DD9FD599E9D}"
EndProject
Global
	GlobalSection(SolutionConfigurationPlatforms) = preSolution
		Debug|Any CPU = Debug|Any CPU
		Release|Any CPU = Release|Any CPU
	EndGlobalSection
	GlobalSection(ProjectConfigurationPlatforms) = postSolution
		{ACBB7924-8CE7-4147-A068-8DD9FD599E9D}.Debug|Any CPU.ActiveCfg = Debug|Any CPU
		{ACBB7924-8CE7-4147-A068-8DD9FD599E9D}.Debug|Any CPU.Build.0 = Debug|Any CPU
		{ACBB7924-8CE7-4147-A068-8DD9FD599E9D}.Release|Any CPU.ActiveCfg = Release|Any CPU
		{ACBB7924-8CE7-4147-A068-8DD9FD599E9D}.Release|Any CPU.Build.0 = Release|Any CPU
	EndGlobalSection
	GlobalSection(SolutionProperties) = preSolution
		HideSolutionNode = FALSE
	EndGlobalSection
	GlobalSection(ExtensibilityGlobals) = postSolution
		SolutionGuid = {C6BA814A-3183-4F85-8E31-3BD69AF6C4E2}
	EndGlobalSection
EndGlobal
